
Microsoft Visual Studio Solution File, Format Version 12.00
Project("{FAE04EC0-301F-11D3-BF4B-00C04F79EFBC}") = "Token", "Token\Token.csproj", "{38AA69F0-F51E-4782-B80F-2146E88FC465}"
EndProject
Global
	GlobalSection(SolutionConfigurationPlatforms) = preSolution
		Debug|Any CPU = Debug|Any CPU
		Release|Any CPU = Release|Any CPU
	EndGlobalSection
	GlobalSection(ProjectConfigurationPlatforms) = postSolution
		{38AA69F0-F51E-4782-B80F-2146E88FC465}.Debug|Any CPU.ActiveCfg = Debug|Any CPU
		{38AA69F0-F51E-4782-B80F-2146E88FC465}.Debug|Any CPU.Build.0 = Debug|Any CPU
		{38AA69F0-F51E-4782-B80F-2146E88FC465}.Release|Any CPU.ActiveCfg = Release|Any CPU
		{38AA69F0-F51E-4782-B80F-2146E88FC465}.Release|Any CPU.Build.0 = Release|Any CPU
	EndGlobalSection
EndGlobal
